// !$*UTF8*$!
{
	archiveVersion = 1;
	classes = {
	};
	objectVersion = 48;
	objects = {

/* Begin PBXBuildFile section */
		6317CD021FECC5DC006CCFC1 /* AppDelegate.swift in Sources */ = {isa = PBXBuildFile; fileRef = 6317CD011FECC5DC006CCFC1 /* AppDelegate.swift */; };
		6317CD041FECC5DC006CCFC1 /* Assets.xcassets in Resources */ = {isa = PBXBuildFile; fileRef = 6317CD031FECC5DC006CCFC1 /* Assets.xcassets */; };
		6317CD071FECC5DC006CCFC1 /* MainMenu.xib in Resources */ = {isa = PBXBuildFile; fileRef = 6317CD051FECC5DC006CCFC1 /* MainMenu.xib */; };
		6317CD161FECC654006CCFC1 /* Cocoa.framework in Frameworks */ = {isa = PBXBuildFile; fileRef = 6317CD151FECC654006CCFC1 /* Cocoa.framework */; };
		6317CD191FECC654006CCFC1 /* SourceEditorExtension.swift in Sources */ = {isa = PBXBuildFile; fileRef = 6317CD181FECC654006CCFC1 /* SourceEditorExtension.swift */; };
		6317CD1B1FECC654006CCFC1 /* SourceEditorCommand.swift in Sources */ = {isa = PBXBuildFile; fileRef = 6317CD1A1FECC654006CCFC1 /* SourceEditorCommand.swift */; };
		6317CD201FECC654006CCFC1 /* quicktype.appex in Embed App Extensions */ = {isa = PBXBuildFile; fileRef = 6317CD131FECC654006CCFC1 /* quicktype.appex */; settings = {ATTRIBUTES = (RemoveHeadersOnCopy, ); }; };
		6349B5AD1FECF39D00F7AA42 /* quicktype.js in Resources */ = {isa = PBXBuildFile; fileRef = 6349B5AC1FECF39D00F7AA42 /* quicktype.js */; };
		63BCCEDF1FED99AD00E1C1DB /* Runtime.swift in Sources */ = {isa = PBXBuildFile; fileRef = 63BCCEDE1FED99AD00E1C1DB /* Runtime.swift */; };
/* End PBXBuildFile section */

/* Begin PBXContainerItemProxy section */
		6317CD1E1FECC654006CCFC1 /* PBXContainerItemProxy */ = {
			isa = PBXContainerItemProxy;
			containerPortal = 6317CCF61FECC5DC006CCFC1 /* Project object */;
			proxyType = 1;
			remoteGlobalIDString = 6317CD121FECC654006CCFC1;
			remoteInfo = quicktype;
		};
/* End PBXContainerItemProxy section */

/* Begin PBXCopyFilesBuildPhase section */
		6317CD241FECC654006CCFC1 /* Embed App Extensions */ = {
			isa = PBXCopyFilesBuildPhase;
			buildActionMask = 2147483647;
			dstPath = "";
			dstSubfolderSpec = 13;
			files = (
				6317CD201FECC654006CCFC1 /* quicktype.appex in Embed App Extensions */,
			);
			name = "Embed App Extensions";
			runOnlyForDeploymentPostprocessing = 0;
		};
/* End PBXCopyFilesBuildPhase section */

/* Begin PBXFileReference section */
		6317CCFE1FECC5DC006CCFC1 /* quicktype-xcode.app */ = {isa = PBXFileReference; explicitFileType = wrapper.application; includeInIndex = 0; path = "quicktype-xcode.app"; sourceTree = BUILT_PRODUCTS_DIR; };
		6317CD011FECC5DC006CCFC1 /* AppDelegate.swift */ = {isa = PBXFileReference; lastKnownFileType = sourcecode.swift; path = AppDelegate.swift; sourceTree = "<group>"; };
		6317CD031FECC5DC006CCFC1 /* Assets.xcassets */ = {isa = PBXFileReference; lastKnownFileType = folder.assetcatalog; path = Assets.xcassets; sourceTree = "<group>"; };
		6317CD061FECC5DC006CCFC1 /* Base */ = {isa = PBXFileReference; lastKnownFileType = file.xib; name = Base; path = Base.lproj/MainMenu.xib; sourceTree = "<group>"; };
		6317CD081FECC5DC006CCFC1 /* Info.plist */ = {isa = PBXFileReference; lastKnownFileType = text.plist.xml; path = Info.plist; sourceTree = "<group>"; };
		6317CD091FECC5DC006CCFC1 /* quicktype_xcode.entitlements */ = {isa = PBXFileReference; lastKnownFileType = text.plist.entitlements; path = quicktype_xcode.entitlements; sourceTree = "<group>"; };
		6317CD131FECC654006CCFC1 /* quicktype.appex */ = {isa = PBXFileReference; explicitFileType = "wrapper.app-extension"; includeInIndex = 0; path = quicktype.appex; sourceTree = BUILT_PRODUCTS_DIR; };
		6317CD151FECC654006CCFC1 /* Cocoa.framework */ = {isa = PBXFileReference; lastKnownFileType = wrapper.framework; name = Cocoa.framework; path = System/Library/Frameworks/Cocoa.framework; sourceTree = SDKROOT; };
		6317CD181FECC654006CCFC1 /* SourceEditorExtension.swift */ = {isa = PBXFileReference; lastKnownFileType = sourcecode.swift; path = SourceEditorExtension.swift; sourceTree = "<group>"; };
		6317CD1A1FECC654006CCFC1 /* SourceEditorCommand.swift */ = {isa = PBXFileReference; lastKnownFileType = sourcecode.swift; path = SourceEditorCommand.swift; sourceTree = "<group>"; };
		6317CD1C1FECC654006CCFC1 /* Info.plist */ = {isa = PBXFileReference; lastKnownFileType = text.plist.xml; path = Info.plist; sourceTree = "<group>"; };
		6317CD1D1FECC654006CCFC1 /* quicktype.entitlements */ = {isa = PBXFileReference; lastKnownFileType = text.plist.entitlements; path = quicktype.entitlements; sourceTree = "<group>"; };
		6349B5AC1FECF39D00F7AA42 /* quicktype.js */ = {isa = PBXFileReference; fileEncoding = 4; lastKnownFileType = sourcecode.javascript; path = quicktype.js; sourceTree = "<group>"; };
		63BCCEDE1FED99AD00E1C1DB /* Runtime.swift */ = {isa = PBXFileReference; lastKnownFileType = sourcecode.swift; path = Runtime.swift; sourceTree = "<group>"; };
/* End PBXFileReference section */

/* Begin PBXFrameworksBuildPhase section */
		6317CCFB1FECC5DC006CCFC1 /* Frameworks */ = {
			isa = PBXFrameworksBuildPhase;
			buildActionMask = 2147483647;
			files = (
			);
			runOnlyForDeploymentPostprocessing = 0;
		};
		6317CD101FECC654006CCFC1 /* Frameworks */ = {
			isa = PBXFrameworksBuildPhase;
			buildActionMask = 2147483647;
			files = (
				6317CD161FECC654006CCFC1 /* Cocoa.framework in Frameworks */,
			);
			runOnlyForDeploymentPostprocessing = 0;
		};
/* End PBXFrameworksBuildPhase section */

/* Begin PBXGroup section */
		6317CCF51FECC5DC006CCFC1 = {
			isa = PBXGroup;
			children = (
				6317CD001FECC5DC006CCFC1 /* quicktype-xcode */,
				6317CD171FECC654006CCFC1 /* editor-extension */,
				6317CD141FECC654006CCFC1 /* Frameworks */,
				6317CCFF1FECC5DC006CCFC1 /* Products */,
			);
			sourceTree = "<group>";
		};
		6317CCFF1FECC5DC006CCFC1 /* Products */ = {
			isa = PBXGroup;
			children = (
				6317CCFE1FECC5DC006CCFC1 /* quicktype-xcode.app */,
				6317CD131FECC654006CCFC1 /* quicktype.appex */,
			);
			name = Products;
			sourceTree = "<group>";
		};
		6317CD001FECC5DC006CCFC1 /* quicktype-xcode */ = {
			isa = PBXGroup;
			children = (
				6317CD011FECC5DC006CCFC1 /* AppDelegate.swift */,
				6317CD031FECC5DC006CCFC1 /* Assets.xcassets */,
				6317CD051FECC5DC006CCFC1 /* MainMenu.xib */,
				6317CD081FECC5DC006CCFC1 /* Info.plist */,
				6317CD091FECC5DC006CCFC1 /* quicktype_xcode.entitlements */,
			);
			path = "quicktype-xcode";
			sourceTree = "<group>";
		};
		6317CD141FECC654006CCFC1 /* Frameworks */ = {
			isa = PBXGroup;
			children = (
				6317CD151FECC654006CCFC1 /* Cocoa.framework */,
			);
			name = Frameworks;
			sourceTree = "<group>";
		};
		6317CD171FECC654006CCFC1 /* editor-extension */ = {
			isa = PBXGroup;
			children = (
				6349B5AC1FECF39D00F7AA42 /* quicktype.js */,
				6317CD181FECC654006CCFC1 /* SourceEditorExtension.swift */,
				6317CD1A1FECC654006CCFC1 /* SourceEditorCommand.swift */,
				63BCCEDE1FED99AD00E1C1DB /* Runtime.swift */,
				6317CD1C1FECC654006CCFC1 /* Info.plist */,
				6317CD1D1FECC654006CCFC1 /* quicktype.entitlements */,
			);
			path = "editor-extension";
			sourceTree = "<group>";
		};
/* End PBXGroup section */

/* Begin PBXNativeTarget section */
		6317CCFD1FECC5DC006CCFC1 /* quicktype-xcode */ = {
			isa = PBXNativeTarget;
			buildConfigurationList = 6317CD0C1FECC5DC006CCFC1 /* Build configuration list for PBXNativeTarget "quicktype-xcode" */;
			buildPhases = (
				6317CCFA1FECC5DC006CCFC1 /* Sources */,
				6317CCFB1FECC5DC006CCFC1 /* Frameworks */,
				6317CCFC1FECC5DC006CCFC1 /* Resources */,
				6317CD241FECC654006CCFC1 /* Embed App Extensions */,
			);
			buildRules = (
			);
			dependencies = (
				6317CD1F1FECC654006CCFC1 /* PBXTargetDependency */,
			);
			name = "quicktype-xcode";
			productName = "quicktype-xcode";
			productReference = 6317CCFE1FECC5DC006CCFC1 /* quicktype-xcode.app */;
			productType = "com.apple.product-type.application";
		};
		6317CD121FECC654006CCFC1 /* quicktype */ = {
			isa = PBXNativeTarget;
			buildConfigurationList = 6317CD211FECC654006CCFC1 /* Build configuration list for PBXNativeTarget "quicktype" */;
			buildPhases = (
				6317CD0F1FECC654006CCFC1 /* Sources */,
				6317CD101FECC654006CCFC1 /* Frameworks */,
				6317CD111FECC654006CCFC1 /* Resources */,
			);
			buildRules = (
			);
			dependencies = (
			);
			name = quicktype;
			productName = quicktype;
			productReference = 6317CD131FECC654006CCFC1 /* quicktype.appex */;
			productType = "com.apple.product-type.xcode-extension";
		};
/* End PBXNativeTarget section */

/* Begin PBXProject section */
		6317CCF61FECC5DC006CCFC1 /* Project object */ = {
			isa = PBXProject;
			attributes = {
				LastSwiftUpdateCheck = 0900;
				LastUpgradeCheck = 0900;
				ORGANIZATIONNAME = quicktype;
				TargetAttributes = {
					6317CCFD1FECC5DC006CCFC1 = {
						CreatedOnToolsVersion = 9.0;
						ProvisioningStyle = Automatic;
					};
					6317CD121FECC654006CCFC1 = {
						CreatedOnToolsVersion = 9.0;
						ProvisioningStyle = Automatic;
					};
				};
			};
			buildConfigurationList = 6317CCF91FECC5DC006CCFC1 /* Build configuration list for PBXProject "quicktype-xcode" */;
			compatibilityVersion = "Xcode 8.0";
			developmentRegion = en;
			hasScannedForEncodings = 0;
			knownRegions = (
				en,
				Base,
			);
			mainGroup = 6317CCF51FECC5DC006CCFC1;
			productRefGroup = 6317CCFF1FECC5DC006CCFC1 /* Products */;
			projectDirPath = "";
			projectRoot = "";
			targets = (
				6317CCFD1FECC5DC006CCFC1 /* quicktype-xcode */,
				6317CD121FECC654006CCFC1 /* quicktype */,
			);
		};
/* End PBXProject section */

/* Begin PBXResourcesBuildPhase section */
		6317CCFC1FECC5DC006CCFC1 /* Resources */ = {
			isa = PBXResourcesBuildPhase;
			buildActionMask = 2147483647;
			files = (
				6317CD041FECC5DC006CCFC1 /* Assets.xcassets in Resources */,
				6317CD071FECC5DC006CCFC1 /* MainMenu.xib in Resources */,
			);
			runOnlyForDeploymentPostprocessing = 0;
		};
		6317CD111FECC654006CCFC1 /* Resources */ = {
			isa = PBXResourcesBuildPhase;
			buildActionMask = 2147483647;
			files = (
				6349B5AD1FECF39D00F7AA42 /* quicktype.js in Resources */,
			);
			runOnlyForDeploymentPostprocessing = 0;
		};
/* End PBXResourcesBuildPhase section */

/* Begin PBXSourcesBuildPhase section */
		6317CCFA1FECC5DC006CCFC1 /* Sources */ = {
			isa = PBXSourcesBuildPhase;
			buildActionMask = 2147483647;
			files = (
				6317CD021FECC5DC006CCFC1 /* AppDelegate.swift in Sources */,
			);
			runOnlyForDeploymentPostprocessing = 0;
		};
		6317CD0F1FECC654006CCFC1 /* Sources */ = {
			isa = PBXSourcesBuildPhase;
			buildActionMask = 2147483647;
			files = (
				6317CD191FECC654006CCFC1 /* SourceEditorExtension.swift in Sources */,
				63BCCEDF1FED99AD00E1C1DB /* Runtime.swift in Sources */,
				6317CD1B1FECC654006CCFC1 /* SourceEditorCommand.swift in Sources */,
			);
			runOnlyForDeploymentPostprocessing = 0;
		};
/* End PBXSourcesBuildPhase section */

/* Begin PBXTargetDependency section */
		6317CD1F1FECC654006CCFC1 /* PBXTargetDependency */ = {
			isa = PBXTargetDependency;
			target = 6317CD121FECC654006CCFC1 /* quicktype */;
			targetProxy = 6317CD1E1FECC654006CCFC1 /* PBXContainerItemProxy */;
		};
/* End PBXTargetDependency section */

/* Begin PBXVariantGroup section */
		6317CD051FECC5DC006CCFC1 /* MainMenu.xib */ = {
			isa = PBXVariantGroup;
			children = (
				6317CD061FECC5DC006CCFC1 /* Base */,
			);
			name = MainMenu.xib;
			sourceTree = "<group>";
		};
/* End PBXVariantGroup section */

/* Begin XCBuildConfiguration section */
		6317CD0A1FECC5DC006CCFC1 /* Debug */ = {
			isa = XCBuildConfiguration;
			buildSettings = {
				ALWAYS_SEARCH_USER_PATHS = NO;
				CLANG_ANALYZER_NONNULL = YES;
				CLANG_ANALYZER_NUMBER_OBJECT_CONVERSION = YES_AGGRESSIVE;
				CLANG_CXX_LANGUAGE_STANDARD = "gnu++14";
				CLANG_CXX_LIBRARY = "libc++";
				CLANG_ENABLE_MODULES = YES;
				CLANG_ENABLE_OBJC_ARC = YES;
				CLANG_WARN_BLOCK_CAPTURE_AUTORELEASING = YES;
				CLANG_WARN_BOOL_CONVERSION = YES;
				CLANG_WARN_COMMA = YES;
				CLANG_WARN_CONSTANT_CONVERSION = YES;
				CLANG_WARN_DIRECT_OBJC_ISA_USAGE = YES_ERROR;
				CLANG_WARN_DOCUMENTATION_COMMENTS = YES;
				CLANG_WARN_EMPTY_BODY = YES;
				CLANG_WARN_ENUM_CONVERSION = YES;
				CLANG_WARN_INFINITE_RECURSION = YES;
				CLANG_WARN_INT_CONVERSION = YES;
				CLANG_WARN_NON_LITERAL_NULL_CONVERSION = YES;
				CLANG_WARN_OBJC_LITERAL_CONVERSION = YES;
				CLANG_WARN_OBJC_ROOT_CLASS = YES_ERROR;
				CLANG_WARN_RANGE_LOOP_ANALYSIS = YES;
				CLANG_WARN_STRICT_PROTOTYPES = YES;
				CLANG_WARN_SUSPICIOUS_MOVE = YES;
				CLANG_WARN_UNGUARDED_AVAILABILITY = YES_AGGRESSIVE;
				CLANG_WARN_UNREACHABLE_CODE = YES;
				CLANG_WARN__DUPLICATE_METHOD_MATCH = YES;
				CODE_SIGN_IDENTITY = "Mac Developer";
				COPY_PHASE_STRIP = NO;
				DEBUG_INFORMATION_FORMAT = dwarf;
				ENABLE_STRICT_OBJC_MSGSEND = YES;
				ENABLE_TESTABILITY = YES;
				GCC_C_LANGUAGE_STANDARD = gnu11;
				GCC_DYNAMIC_NO_PIC = NO;
				GCC_NO_COMMON_BLOCKS = YES;
				GCC_OPTIMIZATION_LEVEL = 0;
				GCC_PREPROCESSOR_DEFINITIONS = (
					"DEBUG=1",
					"$(inherited)",
				);
				GCC_WARN_64_TO_32_BIT_CONVERSION = YES;
				GCC_WARN_ABOUT_RETURN_TYPE = YES_ERROR;
				GCC_WARN_UNDECLARED_SELECTOR = YES;
				GCC_WARN_UNINITIALIZED_AUTOS = YES_AGGRESSIVE;
				GCC_WARN_UNUSED_FUNCTION = YES;
				GCC_WARN_UNUSED_VARIABLE = YES;
				MACOSX_DEPLOYMENT_TARGET = 10.13;
				MTL_ENABLE_DEBUG_INFO = YES;
				ONLY_ACTIVE_ARCH = YES;
				SDKROOT = macosx;
				SWIFT_ACTIVE_COMPILATION_CONDITIONS = DEBUG;
				SWIFT_OPTIMIZATION_LEVEL = "-Onone";
			};
			name = Debug;
		};
		6317CD0B1FECC5DC006CCFC1 /* Release */ = {
			isa = XCBuildConfiguration;
			buildSettings = {
				ALWAYS_SEARCH_USER_PATHS = NO;
				CLANG_ANALYZER_NONNULL = YES;
				CLANG_ANALYZER_NUMBER_OBJECT_CONVERSION = YES_AGGRESSIVE;
				CLANG_CXX_LANGUAGE_STANDARD = "gnu++14";
				CLANG_CXX_LIBRARY = "libc++";
				CLANG_ENABLE_MODULES = YES;
				CLANG_ENABLE_OBJC_ARC = YES;
				CLANG_WARN_BLOCK_CAPTURE_AUTORELEASING = YES;
				CLANG_WARN_BOOL_CONVERSION = YES;
				CLANG_WARN_COMMA = YES;
				CLANG_WARN_CONSTANT_CONVERSION = YES;
				CLANG_WARN_DIRECT_OBJC_ISA_USAGE = YES_ERROR;
				CLANG_WARN_DOCUMENTATION_COMMENTS = YES;
				CLANG_WARN_EMPTY_BODY = YES;
				CLANG_WARN_ENUM_CONVERSION = YES;
				CLANG_WARN_INFINITE_RECURSION = YES;
				CLANG_WARN_INT_CONVERSION = YES;
				CLANG_WARN_NON_LITERAL_NULL_CONVERSION = YES;
				CLANG_WARN_OBJC_LITERAL_CONVERSION = YES;
				CLANG_WARN_OBJC_ROOT_CLASS = YES_ERROR;
				CLANG_WARN_RANGE_LOOP_ANALYSIS = YES;
				CLANG_WARN_STRICT_PROTOTYPES = YES;
				CLANG_WARN_SUSPICIOUS_MOVE = YES;
				CLANG_WARN_UNGUARDED_AVAILABILITY = YES_AGGRESSIVE;
				CLANG_WARN_UNREACHABLE_CODE = YES;
				CLANG_WARN__DUPLICATE_METHOD_MATCH = YES;
				CODE_SIGN_IDENTITY = "Mac Developer";
				COPY_PHASE_STRIP = NO;
				DEBUG_INFORMATION_FORMAT = "dwarf-with-dsym";
				ENABLE_NS_ASSERTIONS = NO;
				ENABLE_STRICT_OBJC_MSGSEND = YES;
				GCC_C_LANGUAGE_STANDARD = gnu11;
				GCC_NO_COMMON_BLOCKS = YES;
				GCC_WARN_64_TO_32_BIT_CONVERSION = YES;
				GCC_WARN_ABOUT_RETURN_TYPE = YES_ERROR;
				GCC_WARN_UNDECLARED_SELECTOR = YES;
				GCC_WARN_UNINITIALIZED_AUTOS = YES_AGGRESSIVE;
				GCC_WARN_UNUSED_FUNCTION = YES;
				GCC_WARN_UNUSED_VARIABLE = YES;
				MACOSX_DEPLOYMENT_TARGET = 10.13;
				MTL_ENABLE_DEBUG_INFO = NO;
				SDKROOT = macosx;
				SWIFT_OPTIMIZATION_LEVEL = "-Owholemodule";
			};
			name = Release;
		};
		6317CD0D1FECC5DC006CCFC1 /* Debug */ = {
			isa = XCBuildConfiguration;
			buildSettings = {
				ALWAYS_EMBED_SWIFT_STANDARD_LIBRARIES = YES;
				ASSETCATALOG_COMPILER_APPICON_NAME = AppIcon;
				CODE_SIGN_ENTITLEMENTS = "quicktype-xcode/quicktype_xcode.entitlements";
				CODE_SIGN_STYLE = Automatic;
				COMBINE_HIDPI_IMAGES = YES;
				DEVELOPMENT_TEAM = W9D824R4EW;
				INFOPLIST_FILE = "quicktype-xcode/Info.plist";
				LD_RUNPATH_SEARCH_PATHS = "$(inherited) @executable_path/../Frameworks";
				PRODUCT_BUNDLE_IDENTIFIER = "quicktype.quicktype-xcode";
				PRODUCT_NAME = "$(TARGET_NAME)";
				SWIFT_VERSION = 4.0;
			};
			name = Debug;
		};
		6317CD0E1FECC5DC006CCFC1 /* Release */ = {
			isa = XCBuildConfiguration;
			buildSettings = {
				ALWAYS_EMBED_SWIFT_STANDARD_LIBRARIES = YES;
				ASSETCATALOG_COMPILER_APPICON_NAME = AppIcon;
				CODE_SIGN_ENTITLEMENTS = "quicktype-xcode/quicktype_xcode.entitlements";
				CODE_SIGN_STYLE = Automatic;
				COMBINE_HIDPI_IMAGES = YES;
				DEVELOPMENT_TEAM = W9D824R4EW;
				INFOPLIST_FILE = "quicktype-xcode/Info.plist";
				LD_RUNPATH_SEARCH_PATHS = "$(inherited) @executable_path/../Frameworks";
				PRODUCT_BUNDLE_IDENTIFIER = "quicktype.quicktype-xcode";
				PRODUCT_NAME = "$(TARGET_NAME)";
				SWIFT_VERSION = 4.0;
			};
			name = Release;
		};
		6317CD221FECC654006CCFC1 /* Debug */ = {
			isa = XCBuildConfiguration;
			buildSettings = {
				CODE_SIGN_ENTITLEMENTS = "editor-extension/quicktype.entitlements";
				CODE_SIGN_IDENTITY = "Mac Developer";
				CODE_SIGN_STYLE = Automatic;
				COMBINE_HIDPI_IMAGES = YES;
				DEVELOPMENT_TEAM = W9D824R4EW;
				INFOPLIST_FILE = "$(SRCROOT)/editor-extension/Info.plist";
				LD_RUNPATH_SEARCH_PATHS = "$(inherited) @executable_path/../Frameworks @executable_path/../../../../Frameworks";
				PRODUCT_BUNDLE_IDENTIFIER = "quicktype.quicktype-xcode.quicktype";
				PRODUCT_NAME = "$(TARGET_NAME)";
				PROVISIONING_PROFILE_SPECIFIER = "";
				SKIP_INSTALL = YES;
				SWIFT_VERSION = 4.0;
			};
			name = Debug;
		};
		6317CD231FECC654006CCFC1 /* Release */ = {
			isa = XCBuildConfiguration;
			buildSettings = {
				CODE_SIGN_ENTITLEMENTS = "editor-extension/quicktype.entitlements";
				CODE_SIGN_IDENTITY = "Mac Developer";
				CODE_SIGN_STYLE = Automatic;
				COMBINE_HIDPI_IMAGES = YES;
				DEVELOPMENT_TEAM = W9D824R4EW;
				INFOPLIST_FILE = "$(SRCROOT)/editor-extension/Info.plist";
				LD_RUNPATH_SEARCH_PATHS = "$(inherited) @executable_path/../Frameworks @executable_path/../../../../Frameworks";
				PRODUCT_BUNDLE_IDENTIFIER = "quicktype.quicktype-xcode.quicktype";
				PRODUCT_NAME = "$(TARGET_NAME)";
				PROVISIONING_PROFILE_SPECIFIER = "";
				SKIP_INSTALL = YES;
				SWIFT_VERSION = 4.0;
			};
			name = Release;
		};
/* End XCBuildConfiguration section */

/* Begin XCConfigurationList section */
		6317CCF91FECC5DC006CCFC1 /* Build configuration list for PBXProject "quicktype-xcode" */ = {
			isa = XCConfigurationList;
			buildConfigurations = (
				6317CD0A1FECC5DC006CCFC1 /* Debug */,
				6317CD0B1FECC5DC006CCFC1 /* Release */,
			);
			defaultConfigurationIsVisible = 0;
			defaultConfigurationName = Release;
		};
		6317CD0C1FECC5DC006CCFC1 /* Build configuration list for PBXNativeTarget "quicktype-xcode" */ = {
			isa = XCConfigurationList;
			buildConfigurations = (
				6317CD0D1FECC5DC006CCFC1 /* Debug */,
				6317CD0E1FECC5DC006CCFC1 /* Release */,
			);
			defaultConfigurationIsVisible = 0;
			defaultConfigurationName = Release;
		};
		6317CD211FECC654006CCFC1 /* Build configuration list for PBXNativeTarget "quicktype" */ = {
			isa = XCConfigurationList;
			buildConfigurations = (
				6317CD221FECC654006CCFC1 /* Debug */,
				6317CD231FECC654006CCFC1 /* Release */,
			);
			defaultConfigurationIsVisible = 0;
			defaultConfigurationName = Release;
		};
/* End XCConfigurationList section */
	};
	rootObject = 6317CCF61FECC5DC006CCFC1 /* Project object */;
}
